// !$*UTF8*$!
{
	archiveVersion = 1;
	classes = {
	};
	objectVersion = 50;
	objects = {

/* Begin PBXBuildFile section */
		D17F724F247876640029CEB2 /* AppDelegate.swift in Sources */ = {isa = PBXBuildFile; fileRef = D17F724E247876640029CEB2 /* AppDelegate.swift */; };
		D17F7251247876640029CEB2 /* SceneDelegate.swift in Sources */ = {isa = PBXBuildFile; fileRef = D17F7250247876640029CEB2 /* SceneDelegate.swift */; };
		D17F7253247876640029CEB2 /* ViewController.swift in Sources */ = {isa = PBXBuildFile; fileRef = D17F7252247876640029CEB2 /* ViewController.swift */; };
		D17F7256247876640029CEB2 /* Main.storyboard in Resources */ = {isa = PBXBuildFile; fileRef = D17F7254247876640029CEB2 /* Main.storyboard */; };
		D17F72582478766B0029CEB2 /* Assets.xcassets in Resources */ = {isa = PBXBuildFile; fileRef = D17F72572478766B0029CEB2 /* Assets.xcassets */; };
		D17F725B2478766B0029CEB2 /* LaunchScreen.storyboard in Resources */ = {isa = PBXBuildFile; fileRef = D17F72592478766B0029CEB2 /* LaunchScreen.storyboard */; };
		D17F72662478766B0029CEB2 /* NavBarAnimationTests.swift in Sources */ = {isa = PBXBuildFile; fileRef = D17F72652478766B0029CEB2 /* NavBarAnimationTests.swift */; };
		D17F72712478766B0029CEB2 /* NavBarAnimationUITests.swift in Sources */ = {isa = PBXBuildFile; fileRef = D17F72702478766B0029CEB2 /* NavBarAnimationUITests.swift */; };
/* End PBXBuildFile section */

/* Begin PBXContainerItemProxy section */
		D17F72622478766B0029CEB2 /* PBXContainerItemProxy */ = {
			isa = PBXContainerItemProxy;
			containerPortal = D17F7243247876640029CEB2 /* Project object */;
			proxyType = 1;
			remoteGlobalIDString = D17F724A247876640029CEB2;
			remoteInfo = NavBarAnimation;
		};
		D17F726D2478766B0029CEB2 /* PBXContainerItemProxy */ = {
			isa = PBXContainerItemProxy;
			containerPortal = D17F7243247876640029CEB2 /* Project object */;
			proxyType = 1;
			remoteGlobalIDString = D17F724A247876640029CEB2;
			remoteInfo = NavBarAnimation;
		};
/* End PBXContainerItemProxy section */

/* Begin PBXFileReference section */
		D17F724B247876640029CEB2 /* NavBarAnimation.app */ = {isa = PBXFileReference; explicitFileType = wrapper.application; includeInIndex = 0; path = NavBarAnimation.app; sourceTree = BUILT_PRODUCTS_DIR; };
		D17F724E247876640029CEB2 /* AppDelegate.swift */ = {isa = PBXFileReference; lastKnownFileType = sourcecode.swift; path = AppDelegate.swift; sourceTree = "<group>"; };
		D17F7250247876640029CEB2 /* SceneDelegate.swift */ = {isa = PBXFileReference; lastKnownFileType = sourcecode.swift; path = SceneDelegate.swift; sourceTree = "<group>"; };
		D17F7252247876640029CEB2 /* ViewController.swift */ = {isa = PBXFileReference; lastKnownFileType = sourcecode.swift; path = ViewController.swift; sourceTree = "<group>"; };
		D17F7255247876640029CEB2 /* Base */ = {isa = PBXFileReference; lastKnownFileType = file.storyboard; name = Base; path = Base.lproj/Main.storyboard; sourceTree = "<group>"; };
		D17F72572478766B0029CEB2 /* Assets.xcassets */ = {isa = PBXFileReference; lastKnownFileType = folder.assetcatalog; path = Assets.xcassets; sourceTree = "<group>"; };
		D17F725A2478766B0029CEB2 /* Base */ = {isa = PBXFileReference; lastKnownFileType = file.storyboard; name = Base; path = Base.lproj/LaunchScreen.storyboard; sourceTree = "<group>"; };
		D17F725C2478766B0029CEB2 /* Info.plist */ = {isa = PBXFileReference; lastKnownFileType = text.plist.xml; path = Info.plist; sourceTree = "<group>"; };
		D17F72612478766B0029CEB2 /* NavBarAnimationTests.xctest */ = {isa = PBXFileReference; explicitFileType = wrapper.cfbundle; includeInIndex = 0; path = NavBarAnimationTests.xctest; sourceTree = BUILT_PRODUCTS_DIR; };
		D17F72652478766B0029CEB2 /* NavBarAnimationTests.swift */ = {isa = PBXFileReference; lastKnownFileType = sourcecode.swift; path = NavBarAnimationTests.swift; sourceTree = "<group>"; };
		D17F72672478766B0029CEB2 /* Info.plist */ = {isa = PBXFileReference; lastKnownFileType = text.plist.xml; path = Info.plist; sourceTree = "<group>"; };
		D17F726C2478766B0029CEB2 /* NavBarAnimationUITests.xctest */ = {isa = PBXFileReference; explicitFileType = wrapper.cfbundle; includeInIndex = 0; path = NavBarAnimationUITests.xctest; sourceTree = BUILT_PRODUCTS_DIR; };
		D17F72702478766B0029CEB2 /* NavBarAnimationUITests.swift */ = {isa = PBXFileReference; lastKnownFileType = sourcecode.swift; path = NavBarAnimationUITests.swift; sourceTree = "<group>"; };
		D17F72722478766B0029CEB2 /* Info.plist */ = {isa = PBXFileReference; lastKnownFileType = text.plist.xml; path = Info.plist; sourceTree = "<group>"; };
/* End PBXFileReference section */

/* Begin PBXFrameworksBuildPhase section */
		D17F7248247876640029CEB2 /* Frameworks */ = {
			isa = PBXFrameworksBuildPhase;
			buildActionMask = 2147483647;
			files = (
			);
			runOnlyForDeploymentPostprocessing = 0;
		};
		D17F725E2478766B0029CEB2 /* Frameworks */ = {
			isa = PBXFrameworksBuildPhase;
			buildActionMask = 2147483647;
			files = (
			);
			runOnlyForDeploymentPostprocessing = 0;
		};
		D17F72692478766B0029CEB2 /* Frameworks */ = {
			isa = PBXFrameworksBuildPhase;
			buildActionMask = 2147483647;
			files = (
			);
			runOnlyForDeploymentPostprocessing = 0;
		};
/* End PBXFrameworksBuildPhase section */

/* Begin PBXGroup section */
		D17F7242247876640029CEB2 = {
			isa = PBXGroup;
			children = (
				D17F724D247876640029CEB2 /* NavBarAnimation */,
				D17F72642478766B0029CEB2 /* NavBarAnimationTests */,
				D17F726F2478766B0029CEB2 /* NavBarAnimationUITests */,
				D17F724C247876640029CEB2 /* Products */,
			);
			sourceTree = "<group>";
		};
		D17F724C247876640029CEB2 /* Products */ = {
			isa = PBXGroup;
			children = (
				D17F724B247876640029CEB2 /* NavBarAnimation.app */,
				D17F72612478766B0029CEB2 /* NavBarAnimationTests.xctest */,
				D17F726C2478766B0029CEB2 /* NavBarAnimationUITests.xctest */,
			);
			name = Products;
			sourceTree = "<group>";
		};
		D17F724D247876640029CEB2 /* NavBarAnimation */ = {
			isa = PBXGroup;
			children = (
				D17F724E247876640029CEB2 /* AppDelegate.swift */,
				D17F7250247876640029CEB2 /* SceneDelegate.swift */,
				D17F7252247876640029CEB2 /* ViewController.swift */,
				D17F7254247876640029CEB2 /* Main.storyboard */,
				D17F72572478766B0029CEB2 /* Assets.xcassets */,
				D17F72592478766B0029CEB2 /* LaunchScreen.storyboard */,
				D17F725C2478766B0029CEB2 /* Info.plist */,
			);
			path = NavBarAnimation;
			sourceTree = "<group>";
		};
		D17F72642478766B0029CEB2 /* NavBarAnimationTests */ = {
			isa = PBXGroup;
			children = (
				D17F72652478766B0029CEB2 /* NavBarAnimationTests.swift */,
				D17F72672478766B0029CEB2 /* Info.plist */,
			);
			path = NavBarAnimationTests;
			sourceTree = "<group>";
		};
		D17F726F2478766B0029CEB2 /* NavBarAnimationUITests */ = {
			isa = PBXGroup;
			children = (
				D17F72702478766B0029CEB2 /* NavBarAnimationUITests.swift */,
				D17F72722478766B0029CEB2 /* Info.plist */,
			);
			path = NavBarAnimationUITests;
			sourceTree = "<group>";
		};
/* End PBXGroup section */

/* Begin PBXNativeTarget section */
		D17F724A247876640029CEB2 /* NavBarAnimation */ = {
			isa = PBXNativeTarget;
			buildConfigurationList = D17F72752478766B0029CEB2 /* Build configuration list for PBXNativeTarget "NavBarAnimation" */;
			buildPhases = (
				D17F7247247876640029CEB2 /* Sources */,
				D17F7248247876640029CEB2 /* Frameworks */,
				D17F7249247876640029CEB2 /* Resources */,
			);
			buildRules = (
			);
			dependencies = (
			);
			name = NavBarAnimation;
			productName = NavBarAnimation;
			productReference = D17F724B247876640029CEB2 /* NavBarAnimation.app */;
			productType = "com.apple.product-type.application";
		};
		D17F72602478766B0029CEB2 /* NavBarAnimationTests */ = {
			isa = PBXNativeTarget;
			buildConfigurationList = D17F72782478766B0029CEB2 /* Build configuration list for PBXNativeTarget "NavBarAnimationTests" */;
			buildPhases = (
				D17F725D2478766B0029CEB2 /* Sources */,
				D17F725E2478766B0029CEB2 /* Frameworks */,
				D17F725F2478766B0029CEB2 /* Resources */,
			);
			buildRules = (
			);
			dependencies = (
				D17F72632478766B0029CEB2 /* PBXTargetDependency */,
			);
			name = NavBarAnimationTests;
			productName = NavBarAnimationTests;
			productReference = D17F72612478766B0029CEB2 /* NavBarAnimationTests.xctest */;
			productType = "com.apple.product-type.bundle.unit-test";
		};
		D17F726B2478766B0029CEB2 /* NavBarAnimationUITests */ = {
			isa = PBXNativeTarget;
			buildConfigurationList = D17F727B2478766B0029CEB2 /* Build configuration list for PBXNativeTarget "NavBarAnimationUITests" */;
			buildPhases = (
				D17F72682478766B0029CEB2 /* Sources */,
				D17F72692478766B0029CEB2 /* Frameworks */,
				D17F726A2478766B0029CEB2 /* Resources */,
			);
			buildRules = (
			);
			dependencies = (
				D17F726E2478766B0029CEB2 /* PBXTargetDependency */,
			);
			name = NavBarAnimationUITests;
			productName = NavBarAnimationUITests;
			productReference = D17F726C2478766B0029CEB2 /* NavBarAnimationUITests.xctest */;
			productType = "com.apple.product-type.bundle.ui-testing";
		};
/* End PBXNativeTarget section */

/* Begin PBXProject section */
		D17F7243247876640029CEB2 /* Project object */ = {
			isa = PBXProject;
			attributes = {
				LastSwiftUpdateCheck = 1140;
				LastUpgradeCheck = 1140;
				ORGANIZATIONNAME = "Leandro Prado";
				TargetAttributes = {
					D17F724A247876640029CEB2 = {
						CreatedOnToolsVersion = 11.4.1;
					};
					D17F72602478766B0029CEB2 = {
						CreatedOnToolsVersion = 11.4.1;
						TestTargetID = D17F724A247876640029CEB2;
					};
					D17F726B2478766B0029CEB2 = {
						CreatedOnToolsVersion = 11.4.1;
						TestTargetID = D17F724A247876640029CEB2;
					};
				};
			};
			buildConfigurationList = D17F7246247876640029CEB2 /* Build configuration list for PBXProject "NavBarAnimation" */;
			compatibilityVersion = "Xcode 9.3";
			developmentRegion = en;
			hasScannedForEncodings = 0;
			knownRegions = (
				en,
				Base,
			);
			mainGroup = D17F7242247876640029CEB2;
			productRefGroup = D17F724C247876640029CEB2 /* Products */;
			projectDirPath = "";
			projectRoot = "";
			targets = (
				D17F724A247876640029CEB2 /* NavBarAnimation */,
				D17F72602478766B0029CEB2 /* NavBarAnimationTests */,
				D17F726B2478766B0029CEB2 /* NavBarAnimationUITests */,
			);
		};
/* End PBXProject section */

/* Begin PBXResourcesBuildPhase section */
		D17F7249247876640029CEB2 /* Resources */ = {
			isa = PBXResourcesBuildPhase;
			buildActionMask = 2147483647;
			files = (
				D17F725B2478766B0029CEB2 /* LaunchScreen.storyboard in Resources */,
				D17F72582478766B0029CEB2 /* Assets.xcassets in Resources */,
				D17F7256247876640029CEB2 /* Main.storyboard in Resources */,
			);
			runOnlyForDeploymentPostprocessing = 0;
		};
		D17F725F2478766B0029CEB2 /* Resources */ = {
			isa = PBXResourcesBuildPhase;
			buildActionMask = 2147483647;
			files = (
			);
			runOnlyForDeploymentPostprocessing = 0;
		};
		D17F726A2478766B0029CEB2 /* Resources */ = {
			isa = PBXResourcesBuildPhase;
			buildActionMask = 2147483647;
			files = (
			);
			runOnlyForDeploymentPostprocessing = 0;
		};
/* End PBXResourcesBuildPhase section */

/* Begin PBXSourcesBuildPhase section */
		D17F7247247876640029CEB2 /* Sources */ = {
			isa = PBXSourcesBuildPhase;
			buildActionMask = 2147483647;
			files = (
				D17F7253247876640029CEB2 /* ViewController.swift in Sources */,
				D17F724F247876640029CEB2 /* AppDelegate.swift in Sources */,
				D17F7251247876640029CEB2 /* SceneDelegate.swift in Sources */,
			);
			runOnlyForDeploymentPostprocessing = 0;
		};
		D17F725D2478766B0029CEB2 /* Sources */ = {
			isa = PBXSourcesBuildPhase;
			buildActionMask = 2147483647;
			files = (
				D17F72662478766B0029CEB2 /* NavBarAnimationTests.swift in Sources */,
			);
			runOnlyForDeploymentPostprocessing = 0;
		};
		D17F72682478766B0029CEB2 /* Sources */ = {
			isa = PBXSourcesBuildPhase;
			buildActionMask = 2147483647;
			files = (
				D17F72712478766B0029CEB2 /* NavBarAnimationUITests.swift in Sources */,
			);
			runOnlyForDeploymentPostprocessing = 0;
		};
/* End PBXSourcesBuildPhase section */

/* Begin PBXTargetDependency section */
		D17F72632478766B0029CEB2 /* PBXTargetDependency */ = {
			isa = PBXTargetDependency;
			target = D17F724A247876640029CEB2 /* NavBarAnimation */;
			targetProxy = D17F72622478766B0029CEB2 /* PBXContainerItemProxy */;
		};
		D17F726E2478766B0029CEB2 /* PBXTargetDependency */ = {
			isa = PBXTargetDependency;
			target = D17F724A247876640029CEB2 /* NavBarAnimation */;
			targetProxy = D17F726D2478766B0029CEB2 /* PBXContainerItemProxy */;
		};
/* End PBXTargetDependency section */

/* Begin PBXVariantGroup section */
		D17F7254247876640029CEB2 /* Main.storyboard */ = {
			isa = PBXVariantGroup;
			children = (
				D17F7255247876640029CEB2 /* Base */,
			);
			name = Main.storyboard;
			sourceTree = "<group>";
		};
		D17F72592478766B0029CEB2 /* LaunchScreen.storyboard */ = {
			isa = PBXVariantGroup;
			children = (
				D17F725A2478766B0029CEB2 /* Base */,
			);
			name = LaunchScreen.storyboard;
			sourceTree = "<group>";
		};
/* End PBXVariantGroup section */

/* Begin XCBuildConfiguration section */
		D17F72732478766B0029CEB2 /* Debug */ = {
			isa = XCBuildConfiguration;
			buildSettings = {
				ALWAYS_SEARCH_USER_PATHS = NO;
				CLANG_ANALYZER_NONNULL = YES;
				CLANG_ANALYZER_NUMBER_OBJECT_CONVERSION = YES_AGGRESSIVE;
				CLANG_CXX_LANGUAGE_STANDARD = "gnu++14";
				CLANG_CXX_LIBRARY = "libc++";
				CLANG_ENABLE_MODULES = YES;
				CLANG_ENABLE_OBJC_ARC = YES;
				CLANG_ENABLE_OBJC_WEAK = YES;
				CLANG_WARN_BLOCK_CAPTURE_AUTORELEASING = YES;
				CLANG_WARN_BOOL_CONVERSION = YES;
				CLANG_WARN_COMMA = YES;
				CLANG_WARN_CONSTANT_CONVERSION = YES;
				CLANG_WARN_DEPRECATED_OBJC_IMPLEMENTATIONS = YES;
				CLANG_WARN_DIRECT_OBJC_ISA_USAGE = YES_ERROR;
				CLANG_WARN_DOCUMENTATION_COMMENTS = YES;
				CLANG_WARN_EMPTY_BODY = YES;
				CLANG_WARN_ENUM_CONVERSION = YES;
				CLANG_WARN_INFINITE_RECURSION = YES;
				CLANG_WARN_INT_CONVERSION = YES;
				CLANG_WARN_NON_LITERAL_NULL_CONVERSION = YES;
				CLANG_WARN_OBJC_IMPLICIT_RETAIN_SELF = YES;
				CLANG_WARN_OBJC_LITERAL_CONVERSION = YES;
				CLANG_WARN_OBJC_ROOT_CLASS = YES_ERROR;
				CLANG_WARN_RANGE_LOOP_ANALYSIS = YES;
				CLANG_WARN_STRICT_PROTOTYPES = YES;
				CLANG_WARN_SUSPICIOUS_MOVE = YES;
				CLANG_WARN_UNGUARDED_AVAILABILITY = YES_AGGRESSIVE;
				CLANG_WARN_UNREACHABLE_CODE = YES;
				CLANG_WARN__DUPLICATE_METHOD_MATCH = YES;
				COPY_PHASE_STRIP = NO;
				DEBUG_INFORMATION_FORMAT = dwarf;
				ENABLE_STRICT_OBJC_MSGSEND = YES;
				ENABLE_TESTABILITY = YES;
				GCC_C_LANGUAGE_STANDARD = gnu11;
				GCC_DYNAMIC_NO_PIC = NO;
				GCC_NO_COMMON_BLOCKS = YES;
				GCC_OPTIMIZATION_LEVEL = 0;
				GCC_PREPROCESSOR_DEFINITIONS = (
					"DEBUG=1",
					"$(inherited)",
				);
				GCC_WARN_64_TO_32_BIT_CONVERSION = YES;
				GCC_WARN_ABOUT_RETURN_TYPE = YES_ERROR;
				GCC_WARN_UNDECLARED_SELECTOR = YES;
				GCC_WARN_UNINITIALIZED_AUTOS = YES_AGGRESSIVE;
				GCC_WARN_UNUSED_FUNCTION = YES;
				GCC_WARN_UNUSED_VARIABLE = YES;
				IPHONEOS_DEPLOYMENT_TARGET = 13.4;
				MTL_ENABLE_DEBUG_INFO = INCLUDE_SOURCE;
				MTL_FAST_MATH = YES;
				ONLY_ACTIVE_ARCH = YES;
				SDKROOT = iphoneos;
				SWIFT_ACTIVE_COMPILATION_CONDITIONS = DEBUG;
				SWIFT_OPTIMIZATION_LEVEL = "-Onone";
			};
			name = Debug;
		};
		D17F72742478766B0029CEB2 /* Release */ = {
			isa = XCBuildConfiguration;
			buildSettings = {
				ALWAYS_SEARCH_USER_PATHS = NO;
				CLANG_ANALYZER_NONNULL = YES;
				CLANG_ANALYZER_NUMBER_OBJECT_CONVERSION = YES_AGGRESSIVE;
				CLANG_CXX_LANGUAGE_STANDARD = "gnu++14";
				CLANG_CXX_LIBRARY = "libc++";
				CLANG_ENABLE_MODULES = YES;
				CLANG_ENABLE_OBJC_ARC = YES;
				CLANG_ENABLE_OBJC_WEAK = YES;
				CLANG_WARN_BLOCK_CAPTURE_AUTORELEASING = YES;
				CLANG_WARN_BOOL_CONVERSION = YES;
				CLANG_WARN_COMMA = YES;
				CLANG_WARN_CONSTANT_CONVERSION = YES;
				CLANG_WARN_DEPRECATED_OBJC_IMPLEMENTATIONS = YES;
				CLANG_WARN_DIRECT_OBJC_ISA_USAGE = YES_ERROR;
				CLANG_WARN_DOCUMENTATION_COMMENTS = YES;
				CLANG_WARN_EMPTY_BODY = YES;
				CLANG_WARN_ENUM_CONVERSION = YES;
				CLANG_WARN_INFINITE_RECURSION = YES;
				CLANG_WARN_INT_CONVERSION = YES;
				CLANG_WARN_NON_LITERAL_NULL_CONVERSION = YES;
				CLANG_WARN_OBJC_IMPLICIT_RETAIN_SELF = YES;
				CLANG_WARN_OBJC_LITERAL_CONVERSION = YES;
				CLANG_WARN_OBJC_ROOT_CLASS = YES_ERROR;
				CLANG_WARN_RANGE_LOOP_ANALYSIS = YES;
				CLANG_WARN_STRICT_PROTOTYPES = YES;
				CLANG_WARN_SUSPICIOUS_MOVE = YES;
				CLANG_WARN_UNGUARDED_AVAILABILITY = YES_AGGRESSIVE;
				CLANG_WARN_UNREACHABLE_CODE = YES;
				CLANG_WARN__DUPLICATE_METHOD_MATCH = YES;
				COPY_PHASE_STRIP = NO;
				DEBUG_INFORMATION_FORMAT = "dwarf-with-dsym";
				ENABLE_NS_ASSERTIONS = NO;
				ENABLE_STRICT_OBJC_MSGSEND = YES;
				GCC_C_LANGUAGE_STANDARD = gnu11;
				GCC_NO_COMMON_BLOCKS = YES;
				GCC_WARN_64_TO_32_BIT_CONVERSION = YES;
				GCC_WARN_ABOUT_RETURN_TYPE = YES_ERROR;
				GCC_WARN_UNDECLARED_SELECTOR = YES;
				GCC_WARN_UNINITIALIZED_AUTOS = YES_AGGRESSIVE;
				GCC_WARN_UNUSED_FUNCTION = YES;
				GCC_WARN_UNUSED_VARIABLE = YES;
				IPHONEOS_DEPLOYMENT_TARGET = 13.4;
				MTL_ENABLE_DEBUG_INFO = NO;
				MTL_FAST_MATH = YES;
				SDKROOT = iphoneos;
				SWIFT_COMPILATION_MODE = wholemodule;
				SWIFT_OPTIMIZATION_LEVEL = "-O";
				VALIDATE_PRODUCT = YES;
			};
			name = Release;
		};
		D17F72762478766B0029CEB2 /* Debug */ = {
			isa = XCBuildConfiguration;
			buildSettings = {
				ASSETCATALOG_COMPILER_APPICON_NAME = AppIcon;
				CODE_SIGN_STYLE = Automatic;
				DEVELOPMENT_TEAM = 85442JNC23;
				INFOPLIST_FILE = NavBarAnimation/Info.plist;
				LD_RUNPATH_SEARCH_PATHS = (
					"$(inherited)",
					"@executable_path/Frameworks",
				);
				PRODUCT_BUNDLE_IDENTIFIER = com.cornerstone.NavBarAnimation;
				PRODUCT_NAME = "$(TARGET_NAME)";
				SWIFT_VERSION = 5.0;
				TARGETED_DEVICE_FAMILY = "1,2";
			};
			name = Debug;
		};
		D17F72772478766B0029CEB2 /* Release */ = {
			isa = XCBuildConfiguration;
			buildSettings = {
				ASSETCATALOG_COMPILER_APPICON_NAME = AppIcon;
				CODE_SIGN_STYLE = Automatic;
				DEVELOPMENT_TEAM = 85442JNC23;
				INFOPLIST_FILE = NavBarAnimation/Info.plist;
				LD_RUNPATH_SEARCH_PATHS = (
					"$(inherited)",
					"@executable_path/Frameworks",
				);
				PRODUCT_BUNDLE_IDENTIFIER = com.cornerstone.NavBarAnimation;
				PRODUCT_NAME = "$(TARGET_NAME)";
				SWIFT_VERSION = 5.0;
				TARGETED_DEVICE_FAMILY = "1,2";
			};
			name = Release;
		};
		D17F72792478766B0029CEB2 /* Debug */ = {
			isa = XCBuildConfiguration;
			buildSettings = {
				ALWAYS_EMBED_SWIFT_STANDARD_LIBRARIES = YES;
				BUNDLE_LOADER = "$(TEST_HOST)";
				CODE_SIGN_STYLE = Automatic;
				DEVELOPMENT_TEAM = 85442JNC23;
				INFOPLIST_FILE = NavBarAnimationTests/Info.plist;
				IPHONEOS_DEPLOYMENT_TARGET = 13.4;
				LD_RUNPATH_SEARCH_PATHS = (
					"$(inherited)",
					"@executable_path/Frameworks",
					"@loader_path/Frameworks",
				);
				PRODUCT_BUNDLE_IDENTIFIER = com.cornerstone.NavBarAnimationTests;
				PRODUCT_NAME = "$(TARGET_NAME)";
				SWIFT_VERSION = 5.0;
				TARGETED_DEVICE_FAMILY = "1,2";
				TEST_HOST = "$(BUILT_PRODUCTS_DIR)/NavBarAnimation.app/NavBarAnimation";
			};
			name = Debug;
		};
		D17F727A2478766B0029CEB2 /* Release */ = {
			isa = XCBuildConfiguration;
			buildSettings = {
				ALWAYS_EMBED_SWIFT_STANDARD_LIBRARIES = YES;
				BUNDLE_LOADER = "$(TEST_HOST)";
				CODE_SIGN_STYLE = Automatic;
				DEVELOPMENT_TEAM = 85442JNC23;
				INFOPLIST_FILE = NavBarAnimationTests/Info.plist;
				IPHONEOS_DEPLOYMENT_TARGET = 13.4;
				LD_RUNPATH_SEARCH_PATHS = (
					"$(inherited)",
					"@executable_path/Frameworks",
					"@loader_path/Frameworks",
				);
				PRODUCT_BUNDLE_IDENTIFIER = com.cornerstone.NavBarAnimationTests;
				PRODUCT_NAME = "$(TARGET_NAME)";
				SWIFT_VERSION = 5.0;
				TARGETED_DEVICE_FAMILY = "1,2";
				TEST_HOST = "$(BUILT_PRODUCTS_DIR)/NavBarAnimation.app/NavBarAnimation";
			};
			name = Release;
		};
		D17F727C2478766B0029CEB2 /* Debug */ = {
			isa = XCBuildConfiguration;
			buildSettings = {
				ALWAYS_EMBED_SWIFT_STANDARD_LIBRARIES = YES;
				CODE_SIGN_STYLE = Automatic;
				DEVELOPMENT_TEAM = 85442JNC23;
				INFOPLIST_FILE = NavBarAnimationUITests/Info.plist;
				LD_RUNPATH_SEARCH_PATHS = (
					"$(inherited)",
					"@executable_path/Frameworks",
					"@loader_path/Frameworks",
				);
				PRODUCT_BUNDLE_IDENTIFIER = com.cornerstone.NavBarAnimationUITests;
				PRODUCT_NAME = "$(TARGET_NAME)";
				SWIFT_VERSION = 5.0;
				TARGETED_DEVICE_FAMILY = "1,2";
				TEST_TARGET_NAME = NavBarAnimation;
			};
			name = Debug;
		};
		D17F727D2478766B0029CEB2 /* Release */ = {
			isa = XCBuildConfiguration;
			buildSettings = {
				ALWAYS_EMBED_SWIFT_STANDARD_LIBRARIES = YES;
				CODE_SIGN_STYLE = Automatic;
				DEVELOPMENT_TEAM = 85442JNC23;
				INFOPLIST_FILE = NavBarAnimationUITests/Info.plist;
				LD_RUNPATH_SEARCH_PATHS = (
					"$(inherited)",
					"@executable_path/Frameworks",
					"@loader_path/Frameworks",
				);
				PRODUCT_BUNDLE_IDENTIFIER = com.cornerstone.NavBarAnimationUITests;
				PRODUCT_NAME = "$(TARGET_NAME)";
				SWIFT_VERSION = 5.0;
				TARGETED_DEVICE_FAMILY = "1,2";
				TEST_TARGET_NAME = NavBarAnimation;
			};
			name = Release;
		};
/* End XCBuildConfiguration section */

/* Begin XCConfigurationList section */
		D17F7246247876640029CEB2 /* Build configuration list for PBXProject "NavBarAnimation" */ = {
			isa = XCConfigurationList;
			buildConfigurations = (
				D17F72732478766B0029CEB2 /* Debug */,
				D17F72742478766B0029CEB2 /* Release */,
			);
			defaultConfigurationIsVisible = 0;
			defaultConfigurationName = Release;
		};
		D17F72752478766B0029CEB2 /* Build configuration list for PBXNativeTarget "NavBarAnimation" */ = {
			isa = XCConfigurationList;
			buildConfigurations = (
				D17F72762478766B0029CEB2 /* Debug */,
				D17F72772478766B0029CEB2 /* Release */,
			);
			defaultConfigurationIsVisible = 0;
			defaultConfigurationName = Release;
		};
		D17F72782478766B0029CEB2 /* Build configuration list for PBXNativeTarget "NavBarAnimationTests" */ = {
			isa = XCConfigurationList;
			buildConfigurations = (
				D17F72792478766B0029CEB2 /* Debug */,
				D17F727A2478766B0029CEB2 /* Release */,
			);
			defaultConfigurationIsVisible = 0;
			defaultConfigurationName = Release;
		};
		D17F727B2478766B0029CEB2 /* Build configuration list for PBXNativeTarget "NavBarAnimationUITests" */ = {
			isa = XCConfigurationList;
			buildConfigurations = (
				D17F727C2478766B0029CEB2 /* Debug */,
				D17F727D2478766B0029CEB2 /* Release */,
			);
			defaultConfigurationIsVisible = 0;
			defaultConfigurationName = Release;
		};
/* End XCConfigurationList section */
	};
	rootObject = D17F7243247876640029CEB2 /* Project object */;
}
