// !$*UTF8*$!
{
	archiveVersion = 1;
	classes = {
	};
	objectVersion = 50;
	objects = {

/* Begin PBXBuildFile section */
		D1DA5F662447E46200CD3BDE /* AppDelegate.swift in Sources */ = {isa = PBXBuildFile; fileRef = D1DA5F652447E46200CD3BDE /* AppDelegate.swift */; };
		D1DA5F682447E46200CD3BDE /* SceneDelegate.swift in Sources */ = {isa = PBXBuildFile; fileRef = D1DA5F672447E46200CD3BDE /* SceneDelegate.swift */; };
		D1DA5F6A2447E46200CD3BDE /* ViewController.swift in Sources */ = {isa = PBXBuildFile; fileRef = D1DA5F692447E46200CD3BDE /* ViewController.swift */; };
		D1DA5F6D2447E46200CD3BDE /* Main.storyboard in Resources */ = {isa = PBXBuildFile; fileRef = D1DA5F6B2447E46200CD3BDE /* Main.storyboard */; };
		D1DA5F6F2447E46500CD3BDE /* Assets.xcassets in Resources */ = {isa = PBXBuildFile; fileRef = D1DA5F6E2447E46500CD3BDE /* Assets.xcassets */; };
		D1DA5F722447E46500CD3BDE /* LaunchScreen.storyboard in Resources */ = {isa = PBXBuildFile; fileRef = D1DA5F702447E46500CD3BDE /* LaunchScreen.storyboard */; };
		D1DA5F7D2447E46600CD3BDE /* LightTests.swift in Sources */ = {isa = PBXBuildFile; fileRef = D1DA5F7C2447E46600CD3BDE /* LightTests.swift */; };
		D1DA5F882447E46600CD3BDE /* LightUITests.swift in Sources */ = {isa = PBXBuildFile; fileRef = D1DA5F872447E46600CD3BDE /* LightUITests.swift */; };
/* End PBXBuildFile section */

/* Begin PBXContainerItemProxy section */
		D1DA5F792447E46600CD3BDE /* PBXContainerItemProxy */ = {
			isa = PBXContainerItemProxy;
			containerPortal = D1DA5F5A2447E46200CD3BDE /* Project object */;
			proxyType = 1;
			remoteGlobalIDString = D1DA5F612447E46200CD3BDE;
			remoteInfo = Light;
		};
		D1DA5F842447E46600CD3BDE /* PBXContainerItemProxy */ = {
			isa = PBXContainerItemProxy;
			containerPortal = D1DA5F5A2447E46200CD3BDE /* Project object */;
			proxyType = 1;
			remoteGlobalIDString = D1DA5F612447E46200CD3BDE;
			remoteInfo = Light;
		};
/* End PBXContainerItemProxy section */

/* Begin PBXFileReference section */
		D1DA5F622447E46200CD3BDE /* Light.app */ = {isa = PBXFileReference; explicitFileType = wrapper.application; includeInIndex = 0; path = Light.app; sourceTree = BUILT_PRODUCTS_DIR; };
		D1DA5F652447E46200CD3BDE /* AppDelegate.swift */ = {isa = PBXFileReference; lastKnownFileType = sourcecode.swift; path = AppDelegate.swift; sourceTree = "<group>"; };
		D1DA5F672447E46200CD3BDE /* SceneDelegate.swift */ = {isa = PBXFileReference; lastKnownFileType = sourcecode.swift; path = SceneDelegate.swift; sourceTree = "<group>"; };
		D1DA5F692447E46200CD3BDE /* ViewController.swift */ = {isa = PBXFileReference; lastKnownFileType = sourcecode.swift; path = ViewController.swift; sourceTree = "<group>"; };
		D1DA5F6C2447E46200CD3BDE /* Base */ = {isa = PBXFileReference; lastKnownFileType = file.storyboard; name = Base; path = Base.lproj/Main.storyboard; sourceTree = "<group>"; };
		D1DA5F6E2447E46500CD3BDE /* Assets.xcassets */ = {isa = PBXFileReference; lastKnownFileType = folder.assetcatalog; path = Assets.xcassets; sourceTree = "<group>"; };
		D1DA5F712447E46500CD3BDE /* Base */ = {isa = PBXFileReference; lastKnownFileType = file.storyboard; name = Base; path = Base.lproj/LaunchScreen.storyboard; sourceTree = "<group>"; };
		D1DA5F732447E46500CD3BDE /* Info.plist */ = {isa = PBXFileReference; lastKnownFileType = text.plist.xml; path = Info.plist; sourceTree = "<group>"; };
		D1DA5F782447E46600CD3BDE /* LightTests.xctest */ = {isa = PBXFileReference; explicitFileType = wrapper.cfbundle; includeInIndex = 0; path = LightTests.xctest; sourceTree = BUILT_PRODUCTS_DIR; };
		D1DA5F7C2447E46600CD3BDE /* LightTests.swift */ = {isa = PBXFileReference; lastKnownFileType = sourcecode.swift; path = LightTests.swift; sourceTree = "<group>"; };
		D1DA5F7E2447E46600CD3BDE /* Info.plist */ = {isa = PBXFileReference; lastKnownFileType = text.plist.xml; path = Info.plist; sourceTree = "<group>"; };
		D1DA5F832447E46600CD3BDE /* LightUITests.xctest */ = {isa = PBXFileReference; explicitFileType = wrapper.cfbundle; includeInIndex = 0; path = LightUITests.xctest; sourceTree = BUILT_PRODUCTS_DIR; };
		D1DA5F872447E46600CD3BDE /* LightUITests.swift */ = {isa = PBXFileReference; lastKnownFileType = sourcecode.swift; path = LightUITests.swift; sourceTree = "<group>"; };
		D1DA5F892447E46600CD3BDE /* Info.plist */ = {isa = PBXFileReference; lastKnownFileType = text.plist.xml; path = Info.plist; sourceTree = "<group>"; };
/* End PBXFileReference section */

/* Begin PBXFrameworksBuildPhase section */
		D1DA5F5F2447E46200CD3BDE /* Frameworks */ = {
			isa = PBXFrameworksBuildPhase;
			buildActionMask = 2147483647;
			files = (
			);
			runOnlyForDeploymentPostprocessing = 0;
		};
		D1DA5F752447E46600CD3BDE /* Frameworks */ = {
			isa = PBXFrameworksBuildPhase;
			buildActionMask = 2147483647;
			files = (
			);
			runOnlyForDeploymentPostprocessing = 0;
		};
		D1DA5F802447E46600CD3BDE /* Frameworks */ = {
			isa = PBXFrameworksBuildPhase;
			buildActionMask = 2147483647;
			files = (
			);
			runOnlyForDeploymentPostprocessing = 0;
		};
/* End PBXFrameworksBuildPhase section */

/* Begin PBXGroup section */
		D1DA5F592447E46200CD3BDE = {
			isa = PBXGroup;
			children = (
				D1DA5F642447E46200CD3BDE /* Light */,
				D1DA5F7B2447E46600CD3BDE /* LightTests */,
				D1DA5F862447E46600CD3BDE /* LightUITests */,
				D1DA5F632447E46200CD3BDE /* Products */,
			);
			sourceTree = "<group>";
		};
		D1DA5F632447E46200CD3BDE /* Products */ = {
			isa = PBXGroup;
			children = (
				D1DA5F622447E46200CD3BDE /* Light.app */,
				D1DA5F782447E46600CD3BDE /* LightTests.xctest */,
				D1DA5F832447E46600CD3BDE /* LightUITests.xctest */,
			);
			name = Products;
			sourceTree = "<group>";
		};
		D1DA5F642447E46200CD3BDE /* Light */ = {
			isa = PBXGroup;
			children = (
				D1DA5F652447E46200CD3BDE /* AppDelegate.swift */,
				D1DA5F672447E46200CD3BDE /* SceneDelegate.swift */,
				D1DA5F692447E46200CD3BDE /* ViewController.swift */,
				D1DA5F6B2447E46200CD3BDE /* Main.storyboard */,
				D1DA5F6E2447E46500CD3BDE /* Assets.xcassets */,
				D1DA5F702447E46500CD3BDE /* LaunchScreen.storyboard */,
				D1DA5F732447E46500CD3BDE /* Info.plist */,
			);
			path = Light;
			sourceTree = "<group>";
		};
		D1DA5F7B2447E46600CD3BDE /* LightTests */ = {
			isa = PBXGroup;
			children = (
				D1DA5F7C2447E46600CD3BDE /* LightTests.swift */,
				D1DA5F7E2447E46600CD3BDE /* Info.plist */,
			);
			path = LightTests;
			sourceTree = "<group>";
		};
		D1DA5F862447E46600CD3BDE /* LightUITests */ = {
			isa = PBXGroup;
			children = (
				D1DA5F872447E46600CD3BDE /* LightUITests.swift */,
				D1DA5F892447E46600CD3BDE /* Info.plist */,
			);
			path = LightUITests;
			sourceTree = "<group>";
		};
/* End PBXGroup section */

/* Begin PBXNativeTarget section */
		D1DA5F612447E46200CD3BDE /* Light */ = {
			isa = PBXNativeTarget;
			buildConfigurationList = D1DA5F8C2447E46600CD3BDE /* Build configuration list for PBXNativeTarget "Light" */;
			buildPhases = (
				D1DA5F5E2447E46200CD3BDE /* Sources */,
				D1DA5F5F2447E46200CD3BDE /* Frameworks */,
				D1DA5F602447E46200CD3BDE /* Resources */,
			);
			buildRules = (
			);
			dependencies = (
			);
			name = Light;
			productName = Light;
			productReference = D1DA5F622447E46200CD3BDE /* Light.app */;
			productType = "com.apple.product-type.application";
		};
		D1DA5F772447E46600CD3BDE /* LightTests */ = {
			isa = PBXNativeTarget;
			buildConfigurationList = D1DA5F8F2447E46600CD3BDE /* Build configuration list for PBXNativeTarget "LightTests" */;
			buildPhases = (
				D1DA5F742447E46600CD3BDE /* Sources */,
				D1DA5F752447E46600CD3BDE /* Frameworks */,
				D1DA5F762447E46600CD3BDE /* Resources */,
			);
			buildRules = (
			);
			dependencies = (
				D1DA5F7A2447E46600CD3BDE /* PBXTargetDependency */,
			);
			name = LightTests;
			productName = LightTests;
			productReference = D1DA5F782447E46600CD3BDE /* LightTests.xctest */;
			productType = "com.apple.product-type.bundle.unit-test";
		};
		D1DA5F822447E46600CD3BDE /* LightUITests */ = {
			isa = PBXNativeTarget;
			buildConfigurationList = D1DA5F922447E46600CD3BDE /* Build configuration list for PBXNativeTarget "LightUITests" */;
			buildPhases = (
				D1DA5F7F2447E46600CD3BDE /* Sources */,
				D1DA5F802447E46600CD3BDE /* Frameworks */,
				D1DA5F812447E46600CD3BDE /* Resources */,
			);
			buildRules = (
			);
			dependencies = (
				D1DA5F852447E46600CD3BDE /* PBXTargetDependency */,
			);
			name = LightUITests;
			productName = LightUITests;
			productReference = D1DA5F832447E46600CD3BDE /* LightUITests.xctest */;
			productType = "com.apple.product-type.bundle.ui-testing";
		};
/* End PBXNativeTarget section */

/* Begin PBXProject section */
		D1DA5F5A2447E46200CD3BDE /* Project object */ = {
			isa = PBXProject;
			attributes = {
				LastSwiftUpdateCheck = 1140;
				LastUpgradeCheck = 1140;
				ORGANIZATIONNAME = "Leandro Prado";
				TargetAttributes = {
					D1DA5F612447E46200CD3BDE = {
						CreatedOnToolsVersion = 11.4;
					};
					D1DA5F772447E46600CD3BDE = {
						CreatedOnToolsVersion = 11.4;
						TestTargetID = D1DA5F612447E46200CD3BDE;
					};
					D1DA5F822447E46600CD3BDE = {
						CreatedOnToolsVersion = 11.4;
						TestTargetID = D1DA5F612447E46200CD3BDE;
					};
				};
			};
			buildConfigurationList = D1DA5F5D2447E46200CD3BDE /* Build configuration list for PBXProject "Light" */;
			compatibilityVersion = "Xcode 9.3";
			developmentRegion = en;
			hasScannedForEncodings = 0;
			knownRegions = (
				en,
				Base,
			);
			mainGroup = D1DA5F592447E46200CD3BDE;
			productRefGroup = D1DA5F632447E46200CD3BDE /* Products */;
			projectDirPath = "";
			projectRoot = "";
			targets = (
				D1DA5F612447E46200CD3BDE /* Light */,
				D1DA5F772447E46600CD3BDE /* LightTests */,
				D1DA5F822447E46600CD3BDE /* LightUITests */,
			);
		};
/* End PBXProject section */

/* Begin PBXResourcesBuildPhase section */
		D1DA5F602447E46200CD3BDE /* Resources */ = {
			isa = PBXResourcesBuildPhase;
			buildActionMask = 2147483647;
			files = (
				D1DA5F722447E46500CD3BDE /* LaunchScreen.storyboard in Resources */,
				D1DA5F6F2447E46500CD3BDE /* Assets.xcassets in Resources */,
				D1DA5F6D2447E46200CD3BDE /* Main.storyboard in Resources */,
			);
			runOnlyForDeploymentPostprocessing = 0;
		};
		D1DA5F762447E46600CD3BDE /* Resources */ = {
			isa = PBXResourcesBuildPhase;
			buildActionMask = 2147483647;
			files = (
			);
			runOnlyForDeploymentPostprocessing = 0;
		};
		D1DA5F812447E46600CD3BDE /* Resources */ = {
			isa = PBXResourcesBuildPhase;
			buildActionMask = 2147483647;
			files = (
			);
			runOnlyForDeploymentPostprocessing = 0;
		};
/* End PBXResourcesBuildPhase section */

/* Begin PBXSourcesBuildPhase section */
		D1DA5F5E2447E46200CD3BDE /* Sources */ = {
			isa = PBXSourcesBuildPhase;
			buildActionMask = 2147483647;
			files = (
				D1DA5F6A2447E46200CD3BDE /* ViewController.swift in Sources */,
				D1DA5F662447E46200CD3BDE /* AppDelegate.swift in Sources */,
				D1DA5F682447E46200CD3BDE /* SceneDelegate.swift in Sources */,
			);
			runOnlyForDeploymentPostprocessing = 0;
		};
		D1DA5F742447E46600CD3BDE /* Sources */ = {
			isa = PBXSourcesBuildPhase;
			buildActionMask = 2147483647;
			files = (
				D1DA5F7D2447E46600CD3BDE /* LightTests.swift in Sources */,
			);
			runOnlyForDeploymentPostprocessing = 0;
		};
		D1DA5F7F2447E46600CD3BDE /* Sources */ = {
			isa = PBXSourcesBuildPhase;
			buildActionMask = 2147483647;
			files = (
				D1DA5F882447E46600CD3BDE /* LightUITests.swift in Sources */,
			);
			runOnlyForDeploymentPostprocessing = 0;
		};
/* End PBXSourcesBuildPhase section */

/* Begin PBXTargetDependency section */
		D1DA5F7A2447E46600CD3BDE /* PBXTargetDependency */ = {
			isa = PBXTargetDependency;
			target = D1DA5F612447E46200CD3BDE /* Light */;
			targetProxy = D1DA5F792447E46600CD3BDE /* PBXContainerItemProxy */;
		};
		D1DA5F852447E46600CD3BDE /* PBXTargetDependency */ = {
			isa = PBXTargetDependency;
			target = D1DA5F612447E46200CD3BDE /* Light */;
			targetProxy = D1DA5F842447E46600CD3BDE /* PBXContainerItemProxy */;
		};
/* End PBXTargetDependency section */

/* Begin PBXVariantGroup section */
		D1DA5F6B2447E46200CD3BDE /* Main.storyboard */ = {
			isa = PBXVariantGroup;
			children = (
				D1DA5F6C2447E46200CD3BDE /* Base */,
			);
			name = Main.storyboard;
			sourceTree = "<group>";
		};
		D1DA5F702447E46500CD3BDE /* LaunchScreen.storyboard */ = {
			isa = PBXVariantGroup;
			children = (
				D1DA5F712447E46500CD3BDE /* Base */,
			);
			name = LaunchScreen.storyboard;
			sourceTree = "<group>";
		};
/* End PBXVariantGroup section */

/* Begin XCBuildConfiguration section */
		D1DA5F8A2447E46600CD3BDE /* Debug */ = {
			isa = XCBuildConfiguration;
			buildSettings = {
				ALWAYS_SEARCH_USER_PATHS = NO;
				CLANG_ANALYZER_NONNULL = YES;
				CLANG_ANALYZER_NUMBER_OBJECT_CONVERSION = YES_AGGRESSIVE;
				CLANG_CXX_LANGUAGE_STANDARD = "gnu++14";
				CLANG_CXX_LIBRARY = "libc++";
				CLANG_ENABLE_MODULES = YES;
				CLANG_ENABLE_OBJC_ARC = YES;
				CLANG_ENABLE_OBJC_WEAK = YES;
				CLANG_WARN_BLOCK_CAPTURE_AUTORELEASING = YES;
				CLANG_WARN_BOOL_CONVERSION = YES;
				CLANG_WARN_COMMA = YES;
				CLANG_WARN_CONSTANT_CONVERSION = YES;
				CLANG_WARN_DEPRECATED_OBJC_IMPLEMENTATIONS = YES;
				CLANG_WARN_DIRECT_OBJC_ISA_USAGE = YES_ERROR;
				CLANG_WARN_DOCUMENTATION_COMMENTS = YES;
				CLANG_WARN_EMPTY_BODY = YES;
				CLANG_WARN_ENUM_CONVERSION = YES;
				CLANG_WARN_INFINITE_RECURSION = YES;
				CLANG_WARN_INT_CONVERSION = YES;
				CLANG_WARN_NON_LITERAL_NULL_CONVERSION = YES;
				CLANG_WARN_OBJC_IMPLICIT_RETAIN_SELF = YES;
				CLANG_WARN_OBJC_LITERAL_CONVERSION = YES;
				CLANG_WARN_OBJC_ROOT_CLASS = YES_ERROR;
				CLANG_WARN_RANGE_LOOP_ANALYSIS = YES;
				CLANG_WARN_STRICT_PROTOTYPES = YES;
				CLANG_WARN_SUSPICIOUS_MOVE = YES;
				CLANG_WARN_UNGUARDED_AVAILABILITY = YES_AGGRESSIVE;
				CLANG_WARN_UNREACHABLE_CODE = YES;
				CLANG_WARN__DUPLICATE_METHOD_MATCH = YES;
				COPY_PHASE_STRIP = NO;
				DEBUG_INFORMATION_FORMAT = dwarf;
				ENABLE_STRICT_OBJC_MSGSEND = YES;
				ENABLE_TESTABILITY = YES;
				GCC_C_LANGUAGE_STANDARD = gnu11;
				GCC_DYNAMIC_NO_PIC = NO;
				GCC_NO_COMMON_BLOCKS = YES;
				GCC_OPTIMIZATION_LEVEL = 0;
				GCC_PREPROCESSOR_DEFINITIONS = (
					"DEBUG=1",
					"$(inherited)",
				);
				GCC_WARN_64_TO_32_BIT_CONVERSION = YES;
				GCC_WARN_ABOUT_RETURN_TYPE = YES_ERROR;
				GCC_WARN_UNDECLARED_SELECTOR = YES;
				GCC_WARN_UNINITIALIZED_AUTOS = YES_AGGRESSIVE;
				GCC_WARN_UNUSED_FUNCTION = YES;
				GCC_WARN_UNUSED_VARIABLE = YES;
				IPHONEOS_DEPLOYMENT_TARGET = 13.4;
				MTL_ENABLE_DEBUG_INFO = INCLUDE_SOURCE;
				MTL_FAST_MATH = YES;
				ONLY_ACTIVE_ARCH = YES;
				SDKROOT = iphoneos;
				SWIFT_ACTIVE_COMPILATION_CONDITIONS = DEBUG;
				SWIFT_OPTIMIZATION_LEVEL = "-Onone";
			};
			name = Debug;
		};
		D1DA5F8B2447E46600CD3BDE /* Release */ = {
			isa = XCBuildConfiguration;
			buildSettings = {
				ALWAYS_SEARCH_USER_PATHS = NO;
				CLANG_ANALYZER_NONNULL = YES;
				CLANG_ANALYZER_NUMBER_OBJECT_CONVERSION = YES_AGGRESSIVE;
				CLANG_CXX_LANGUAGE_STANDARD = "gnu++14";
				CLANG_CXX_LIBRARY = "libc++";
				CLANG_ENABLE_MODULES = YES;
				CLANG_ENABLE_OBJC_ARC = YES;
				CLANG_ENABLE_OBJC_WEAK = YES;
				CLANG_WARN_BLOCK_CAPTURE_AUTORELEASING = YES;
				CLANG_WARN_BOOL_CONVERSION = YES;
				CLANG_WARN_COMMA = YES;
				CLANG_WARN_CONSTANT_CONVERSION = YES;
				CLANG_WARN_DEPRECATED_OBJC_IMPLEMENTATIONS = YES;
				CLANG_WARN_DIRECT_OBJC_ISA_USAGE = YES_ERROR;
				CLANG_WARN_DOCUMENTATION_COMMENTS = YES;
				CLANG_WARN_EMPTY_BODY = YES;
				CLANG_WARN_ENUM_CONVERSION = YES;
				CLANG_WARN_INFINITE_RECURSION = YES;
				CLANG_WARN_INT_CONVERSION = YES;
				CLANG_WARN_NON_LITERAL_NULL_CONVERSION = YES;
				CLANG_WARN_OBJC_IMPLICIT_RETAIN_SELF = YES;
				CLANG_WARN_OBJC_LITERAL_CONVERSION = YES;
				CLANG_WARN_OBJC_ROOT_CLASS = YES_ERROR;
				CLANG_WARN_RANGE_LOOP_ANALYSIS = YES;
				CLANG_WARN_STRICT_PROTOTYPES = YES;
				CLANG_WARN_SUSPICIOUS_MOVE = YES;
				CLANG_WARN_UNGUARDED_AVAILABILITY = YES_AGGRESSIVE;
				CLANG_WARN_UNREACHABLE_CODE = YES;
				CLANG_WARN__DUPLICATE_METHOD_MATCH = YES;
				COPY_PHASE_STRIP = NO;
				DEBUG_INFORMATION_FORMAT = "dwarf-with-dsym";
				ENABLE_NS_ASSERTIONS = NO;
				ENABLE_STRICT_OBJC_MSGSEND = YES;
				GCC_C_LANGUAGE_STANDARD = gnu11;
				GCC_NO_COMMON_BLOCKS = YES;
				GCC_WARN_64_TO_32_BIT_CONVERSION = YES;
				GCC_WARN_ABOUT_RETURN_TYPE = YES_ERROR;
				GCC_WARN_UNDECLARED_SELECTOR = YES;
				GCC_WARN_UNINITIALIZED_AUTOS = YES_AGGRESSIVE;
				GCC_WARN_UNUSED_FUNCTION = YES;
				GCC_WARN_UNUSED_VARIABLE = YES;
				IPHONEOS_DEPLOYMENT_TARGET = 13.4;
				MTL_ENABLE_DEBUG_INFO = NO;
				MTL_FAST_MATH = YES;
				SDKROOT = iphoneos;
				SWIFT_COMPILATION_MODE = wholemodule;
				SWIFT_OPTIMIZATION_LEVEL = "-O";
				VALIDATE_PRODUCT = YES;
			};
			name = Release;
		};
		D1DA5F8D2447E46600CD3BDE /* Debug */ = {
			isa = XCBuildConfiguration;
			buildSettings = {
				ASSETCATALOG_COMPILER_APPICON_NAME = AppIcon;
				CODE_SIGN_STYLE = Automatic;
				INFOPLIST_FILE = Light/Info.plist;
				LD_RUNPATH_SEARCH_PATHS = (
					"$(inherited)",
					"@executable_path/Frameworks",
				);
				PRODUCT_BUNDLE_IDENTIFIER = com.cornerstone.Light;
				PRODUCT_NAME = "$(TARGET_NAME)";
				SWIFT_VERSION = 5.0;
				TARGETED_DEVICE_FAMILY = "1,2";
			};
			name = Debug;
		};
		D1DA5F8E2447E46600CD3BDE /* Release */ = {
			isa = XCBuildConfiguration;
			buildSettings = {
				ASSETCATALOG_COMPILER_APPICON_NAME = AppIcon;
				CODE_SIGN_STYLE = Automatic;
				INFOPLIST_FILE = Light/Info.plist;
				LD_RUNPATH_SEARCH_PATHS = (
					"$(inherited)",
					"@executable_path/Frameworks",
				);
				PRODUCT_BUNDLE_IDENTIFIER = com.cornerstone.Light;
				PRODUCT_NAME = "$(TARGET_NAME)";
				SWIFT_VERSION = 5.0;
				TARGETED_DEVICE_FAMILY = "1,2";
			};
			name = Release;
		};
		D1DA5F902447E46600CD3BDE /* Debug */ = {
			isa = XCBuildConfiguration;
			buildSettings = {
				ALWAYS_EMBED_SWIFT_STANDARD_LIBRARIES = YES;
				BUNDLE_LOADER = "$(TEST_HOST)";
				CODE_SIGN_STYLE = Automatic;
				INFOPLIST_FILE = LightTests/Info.plist;
				IPHONEOS_DEPLOYMENT_TARGET = 13.4;
				LD_RUNPATH_SEARCH_PATHS = (
					"$(inherited)",
					"@executable_path/Frameworks",
					"@loader_path/Frameworks",
				);
				PRODUCT_BUNDLE_IDENTIFIER = com.cornerstone.LightTests;
				PRODUCT_NAME = "$(TARGET_NAME)";
				SWIFT_VERSION = 5.0;
				TARGETED_DEVICE_FAMILY = "1,2";
				TEST_HOST = "$(BUILT_PRODUCTS_DIR)/Light.app/Light";
			};
			name = Debug;
		};
		D1DA5F912447E46600CD3BDE /* Release */ = {
			isa = XCBuildConfiguration;
			buildSettings = {
				ALWAYS_EMBED_SWIFT_STANDARD_LIBRARIES = YES;
				BUNDLE_LOADER = "$(TEST_HOST)";
				CODE_SIGN_STYLE = Automatic;
				INFOPLIST_FILE = LightTests/Info.plist;
				IPHONEOS_DEPLOYMENT_TARGET = 13.4;
				LD_RUNPATH_SEARCH_PATHS = (
					"$(inherited)",
					"@executable_path/Frameworks",
					"@loader_path/Frameworks",
				);
				PRODUCT_BUNDLE_IDENTIFIER = com.cornerstone.LightTests;
				PRODUCT_NAME = "$(TARGET_NAME)";
				SWIFT_VERSION = 5.0;
				TARGETED_DEVICE_FAMILY = "1,2";
				TEST_HOST = "$(BUILT_PRODUCTS_DIR)/Light.app/Light";
			};
			name = Release;
		};
		D1DA5F932447E46600CD3BDE /* Debug */ = {
			isa = XCBuildConfiguration;
			buildSettings = {
				ALWAYS_EMBED_SWIFT_STANDARD_LIBRARIES = YES;
				CODE_SIGN_STYLE = Automatic;
				INFOPLIST_FILE = LightUITests/Info.plist;
				LD_RUNPATH_SEARCH_PATHS = (
					"$(inherited)",
					"@executable_path/Frameworks",
					"@loader_path/Frameworks",
				);
				PRODUCT_BUNDLE_IDENTIFIER = com.cornerstone.LightUITests;
				PRODUCT_NAME = "$(TARGET_NAME)";
				SWIFT_VERSION = 5.0;
				TARGETED_DEVICE_FAMILY = "1,2";
				TEST_TARGET_NAME = Light;
			};
			name = Debug;
		};
		D1DA5F942447E46600CD3BDE /* Release */ = {
			isa = XCBuildConfiguration;
			buildSettings = {
				ALWAYS_EMBED_SWIFT_STANDARD_LIBRARIES = YES;
				CODE_SIGN_STYLE = Automatic;
				INFOPLIST_FILE = LightUITests/Info.plist;
				LD_RUNPATH_SEARCH_PATHS = (
					"$(inherited)",
					"@executable_path/Frameworks",
					"@loader_path/Frameworks",
				);
				PRODUCT_BUNDLE_IDENTIFIER = com.cornerstone.LightUITests;
				PRODUCT_NAME = "$(TARGET_NAME)";
				SWIFT_VERSION = 5.0;
				TARGETED_DEVICE_FAMILY = "1,2";
				TEST_TARGET_NAME = Light;
			};
			name = Release;
		};
/* End XCBuildConfiguration section */

/* Begin XCConfigurationList section */
		D1DA5F5D2447E46200CD3BDE /* Build configuration list for PBXProject "Light" */ = {
			isa = XCConfigurationList;
			buildConfigurations = (
				D1DA5F8A2447E46600CD3BDE /* Debug */,
				D1DA5F8B2447E46600CD3BDE /* Release */,
			);
			defaultConfigurationIsVisible = 0;
			defaultConfigurationName = Release;
		};
		D1DA5F8C2447E46600CD3BDE /* Build configuration list for PBXNativeTarget "Light" */ = {
			isa = XCConfigurationList;
			buildConfigurations = (
				D1DA5F8D2447E46600CD3BDE /* Debug */,
				D1DA5F8E2447E46600CD3BDE /* Release */,
			);
			defaultConfigurationIsVisible = 0;
			defaultConfigurationName = Release;
		};
		D1DA5F8F2447E46600CD3BDE /* Build configuration list for PBXNativeTarget "LightTests" */ = {
			isa = XCConfigurationList;
			buildConfigurations = (
				D1DA5F902447E46600CD3BDE /* Debug */,
				D1DA5F912447E46600CD3BDE /* Release */,
			);
			defaultConfigurationIsVisible = 0;
			defaultConfigurationName = Release;
		};
		D1DA5F922447E46600CD3BDE /* Build configuration list for PBXNativeTarget "LightUITests" */ = {
			isa = XCConfigurationList;
			buildConfigurations = (
				D1DA5F932447E46600CD3BDE /* Debug */,
				D1DA5F942447E46600CD3BDE /* Release */,
			);
			defaultConfigurationIsVisible = 0;
			defaultConfigurationName = Release;
		};
/* End XCConfigurationList section */
	};
	rootObject = D1DA5F5A2447E46200CD3BDE /* Project object */;
}
